
Microsoft Visual Studio Solution File, Format Version 12.00
# Visual Studio Version 16
VisualStudioVersion = 16.0.29728.190
MinimumVisualStudioVersion = 10.0.40219.1
Project("{2150E333-8FDC-42A3-9474-1A3956D46DE8}") = "BuildingBlocks", "BuildingBlocks", "{294B18DE-B876-4E3A-89AB-199B426758D8}"
EndProject
Project("{9A19103F-16F7-4668-BE54-9A1E7A4F7556}") = "InstantJob.BuildingBlocks.Application", "BuildingBlocks\InstantJob.BuildingBlocks.Application\InstantJob.BuildingBlocks.Application.csproj", "{719F0305-E2B5-4867-94B1-77D0574E5FBA}"
EndProject
Project("{2150E333-8FDC-42A3-9474-1A3956D46DE8}") = "Modules", "Modules", "{CD2A0C34-6FE1-405B-BBD7-073A7840B9D0}"
EndProject
Project("{2150E333-8FDC-42A3-9474-1A3956D46DE8}") = "Jobs", "Jobs", "{61D63754-5C99-4B5E-AF62-E7AD25B4DF5D}"
EndProject
Project("{2150E333-8FDC-42A3-9474-1A3956D46DE8}") = "Users", "Users", "{AEBD3567-19A1-4339-94AB-0D97CAF67F0E}"
EndProject
Project("{2150E333-8FDC-42A3-9474-1A3956D46DE8}") = "Tests", "Tests", "{1D9947E6-920F-46F3-B50D-EBE31675C8F9}"
EndProject
Project("{9A19103F-16F7-4668-BE54-9A1E7A4F7556}") = "InstantJob.Modules.Jobs.IntegrationEvents", "Modules\Jobs\InstantJob.Modules.Jobs.IntegrationEvents\InstantJob.Modules.Jobs.IntegrationEvents.csproj", "{ACC750D0-AA1D-429E-B273-43BA5E9A231D}"
EndProject
Project("{9A19103F-16F7-4668-BE54-9A1E7A4F7556}") = "InstantJob.Modules.Jobs.Application", "Modules\Jobs\InstantJob.Modules.Jobs.Application\InstantJob.Modules.Jobs.Application.csproj", "{2C596522-9DE4-4EDE-AB14-037F2185BC50}"
EndProject
Project("{9A19103F-16F7-4668-BE54-9A1E7A4F7556}") = "InstantJob.Modules.Jobs.Domain", "Modules\Jobs\InstantJob.Modules.Jobs.Domain\InstantJob.Modules.Jobs.Domain.csproj", "{AE039147-CE64-4C8F-BDC3-55570A7C378F}"
EndProject
Project("{9A19103F-16F7-4668-BE54-9A1E7A4F7556}") = "InstantJob.Modules.Jobs.Infrastructure", "Modules\Jobs\InstantJob.Modules.Jobs.Infrastructure\InstantJob.Modules.Jobs.Infrastructure.csproj", "{EF250452-9D54-4A3C-8F95-2A99FFC2D1DF}"
EndProject
Project("{9A19103F-16F7-4668-BE54-9A1E7A4F7556}") = "InstantJob.Modules.Users.Application", "Modules\Users\InstantJob.Modules.Users.Application\InstantJob.Modules.Users.Application.csproj", "{1B048D54-FFCA-4280-8F13-0ACF772C5FD1}"
EndProject
Project("{9A19103F-16F7-4668-BE54-9A1E7A4F7556}") = "InstantJob.Modules.Users.Domain", "Modules\Users\InstantJob.Modules.Users.Domain\InstantJob.Modules.Users.Domain.csproj", "{5843E884-7842-4840-A52C-69BE87E06840}"
EndProject
Project("{9A19103F-16F7-4668-BE54-9A1E7A4F7556}") = "InstantJob.Modules.Users.IntegrationEvents", "Modules\Users\InstantJob.Modules.Users.IntegrationEvents\InstantJob.Modules.Users.IntegrationEvents.csproj", "{945828FB-D04E-49C4-A752-6EFA385F857B}"
EndProject
Project("{9A19103F-16F7-4668-BE54-9A1E7A4F7556}") = "InstantJob.Modules.Users.Infrastructure", "Modules\Users\InstantJob.Modules.Users.Infrastructure\InstantJob.Modules.Users.Infrastructure.csproj", "{E5BBB1E9-2C16-41BF-ACCE-D5E8DCDDB7FF}"
EndProject
Project("{9A19103F-16F7-4668-BE54-9A1E7A4F7556}") = "InstantJob.BuildingBlocks.Domain", "BuildingBlocks\InstantJob.BuildingBlocks.Domain\InstantJob.BuildingBlocks.Domain.csproj", "{30321889-01C6-4347-85C1-9CA29715FCC4}"
EndProject
Project("{9A19103F-16F7-4668-BE54-9A1E7A4F7556}") = "InstantJob.BuildingBlocks.Infrastructure", "BuildingBlocks\InstantJob.BuildingBlocks.Infrastructure\InstantJob.BuildingBlocks.Infrastructure.csproj", "{59B54855-5085-47BF-A66A-772AF322AA59}"
EndProject
Project("{2150E333-8FDC-42A3-9474-1A3956D46DE8}") = "Database", "Database", "{9D399350-58B5-4CCE-9F1F-1B407AF46606}"
EndProject
Project("{9A19103F-16F7-4668-BE54-9A1E7A4F7556}") = "InstantJob.Database.Persistence", "Database\InstantJob.Persistence\InstantJob.Database.Persistence.csproj", "{27C61A98-587D-4C1F-AE4F-001663F03048}"
EndProject
Project("{2150E333-8FDC-42A3-9474-1A3956D46DE8}") = "Web", "Web", "{F2E450E5-B9A5-49DB-875C-56E5F4AF202D}"
EndProject
Project("{9A19103F-16F7-4668-BE54-9A1E7A4F7556}") = "InstantJob.Web.Api", "Web\InstantJob.Api\InstantJob.Web.Api.csproj", "{BE28A7CD-E5F8-4D3A-BAED-E1847748A3F8}"
EndProject
Project("{9A19103F-16F7-4668-BE54-9A1E7A4F7556}") = "InstantJob.Modules.Jobs.UnitTests", "Modules\Jobs\InstantJob.Modules.Jobs.UnitTests\InstantJob.Modules.Jobs.UnitTests.csproj", "{B8475DB0-AC0B-4229-BB08-D9010C341B03}"
EndProject
Global
	GlobalSection(SolutionConfigurationPlatforms) = preSolution
		Debug|Any CPU = Debug|Any CPU
		Release|Any CPU = Release|Any CPU
	EndGlobalSection
	GlobalSection(ProjectConfigurationPlatforms) = postSolution
		{719F0305-E2B5-4867-94B1-77D0574E5FBA}.Debug|Any CPU.ActiveCfg = Debug|Any CPU
		{719F0305-E2B5-4867-94B1-77D0574E5FBA}.Debug|Any CPU.Build.0 = Debug|Any CPU
		{719F0305-E2B5-4867-94B1-77D0574E5FBA}.Release|Any CPU.ActiveCfg = Release|Any CPU
		{719F0305-E2B5-4867-94B1-77D0574E5FBA}.Release|Any CPU.Build.0 = Release|Any CPU
		{ACC750D0-AA1D-429E-B273-43BA5E9A231D}.Debug|Any CPU.ActiveCfg = Debug|Any CPU
		{ACC750D0-AA1D-429E-B273-43BA5E9A231D}.Debug|Any CPU.Build.0 = Debug|Any CPU
		{ACC750D0-AA1D-429E-B273-43BA5E9A231D}.Release|Any CPU.ActiveCfg = Release|Any CPU
		{ACC750D0-AA1D-429E-B273-43BA5E9A231D}.Release|Any CPU.Build.0 = Release|Any CPU
		{2C596522-9DE4-4EDE-AB14-037F2185BC50}.Debug|Any CPU.ActiveCfg = Debug|Any CPU
		{2C596522-9DE4-4EDE-AB14-037F2185BC50}.Debug|Any CPU.Build.0 = Debug|Any CPU
		{2C596522-9DE4-4EDE-AB14-037F2185BC50}.Release|Any CPU.ActiveCfg = Release|Any CPU
		{2C596522-9DE4-4EDE-AB14-037F2185BC50}.Release|Any CPU.Build.0 = Release|Any CPU
		{AE039147-CE64-4C8F-BDC3-55570A7C378F}.Debug|Any CPU.ActiveCfg = Debug|Any CPU
		{AE039147-CE64-4C8F-BDC3-55570A7C378F}.Debug|Any CPU.Build.0 = Debug|Any CPU
		{AE039147-CE64-4C8F-BDC3-55570A7C378F}.Release|Any CPU.ActiveCfg = Release|Any CPU
		{AE039147-CE64-4C8F-BDC3-55570A7C378F}.Release|Any CPU.Build.0 = Release|Any CPU
		{EF250452-9D54-4A3C-8F95-2A99FFC2D1DF}.Debug|Any CPU.ActiveCfg = Debug|Any CPU
		{EF250452-9D54-4A3C-8F95-2A99FFC2D1DF}.Debug|Any CPU.Build.0 = Debug|Any CPU
		{EF250452-9D54-4A3C-8F95-2A99FFC2D1DF}.Release|Any CPU.ActiveCfg = Release|Any CPU
		{EF250452-9D54-4A3C-8F95-2A99FFC2D1DF}.Release|Any CPU.Build.0 = Release|Any CPU
		{1B048D54-FFCA-4280-8F13-0ACF772C5FD1}.Debug|Any CPU.ActiveCfg = Debug|Any CPU
		{1B048D54-FFCA-4280-8F13-0ACF772C5FD1}.Debug|Any CPU.Build.0 = Debug|Any CPU
		{1B048D54-FFCA-4280-8F13-0ACF772C5FD1}.Release|Any CPU.ActiveCfg = Release|Any CPU
		{1B048D54-FFCA-4280-8F13-0ACF772C5FD1}.Release|Any CPU.Build.0 = Release|Any CPU
		{5843E884-7842-4840-A52C-69BE87E06840}.Debug|Any CPU.ActiveCfg = Debug|Any CPU
		{5843E884-7842-4840-A52C-69BE87E06840}.Debug|Any CPU.Build.0 = Debug|Any CPU
		{5843E884-7842-4840-A52C-69BE87E06840}.Release|Any CPU.ActiveCfg = Release|Any CPU
		{5843E884-7842-4840-A52C-69BE87E06840}.Release|Any CPU.Build.0 = Release|Any CPU
		{945828FB-D04E-49C4-A752-6EFA385F857B}.Debug|Any CPU.ActiveCfg = Debug|Any CPU
		{945828FB-D04E-49C4-A752-6EFA385F857B}.Debug|Any CPU.Build.0 = Debug|Any CPU
		{945828FB-D04E-49C4-A752-6EFA385F857B}.Release|Any CPU.ActiveCfg = Release|Any CPU
		{945828FB-D04E-49C4-A752-6EFA385F857B}.Release|Any CPU.Build.0 = Release|Any CPU
		{E5BBB1E9-2C16-41BF-ACCE-D5E8DCDDB7FF}.Debug|Any CPU.ActiveCfg = Debug|Any CPU
		{E5BBB1E9-2C16-41BF-ACCE-D5E8DCDDB7FF}.Debug|Any CPU.Build.0 = Debug|Any CPU
		{E5BBB1E9-2C16-41BF-ACCE-D5E8DCDDB7FF}.Release|Any CPU.ActiveCfg = Release|Any CPU
		{E5BBB1E9-2C16-41BF-ACCE-D5E8DCDDB7FF}.Release|Any CPU.Build.0 = Release|Any CPU
		{30321889-01C6-4347-85C1-9CA29715FCC4}.Debug|Any CPU.ActiveCfg = Debug|Any CPU
		{30321889-01C6-4347-85C1-9CA29715FCC4}.Debug|Any CPU.Build.0 = Debug|Any CPU
		{30321889-01C6-4347-85C1-9CA29715FCC4}.Release|Any CPU.ActiveCfg = Release|Any CPU
		{30321889-01C6-4347-85C1-9CA29715FCC4}.Release|Any CPU.Build.0 = Release|Any CPU
		{59B54855-5085-47BF-A66A-772AF322AA59}.Debug|Any CPU.ActiveCfg = Debug|Any CPU
		{59B54855-5085-47BF-A66A-772AF322AA59}.Debug|Any CPU.Build.0 = Debug|Any CPU
		{59B54855-5085-47BF-A66A-772AF322AA59}.Release|Any CPU.ActiveCfg = Release|Any CPU
		{59B54855-5085-47BF-A66A-772AF322AA59}.Release|Any CPU.Build.0 = Release|Any CPU
		{27C61A98-587D-4C1F-AE4F-001663F03048}.Debug|Any CPU.ActiveCfg = Debug|Any CPU
		{27C61A98-587D-4C1F-AE4F-001663F03048}.Debug|Any CPU.Build.0 = Debug|Any CPU
		{27C61A98-587D-4C1F-AE4F-001663F03048}.Release|Any CPU.ActiveCfg = Release|Any CPU
		{27C61A98-587D-4C1F-AE4F-001663F03048}.Release|Any CPU.Build.0 = Release|Any CPU
		{BE28A7CD-E5F8-4D3A-BAED-E1847748A3F8}.Debug|Any CPU.ActiveCfg = Debug|Any CPU
		{BE28A7CD-E5F8-4D3A-BAED-E1847748A3F8}.Debug|Any CPU.Build.0 = Debug|Any CPU
		{BE28A7CD-E5F8-4D3A-BAED-E1847748A3F8}.Release|Any CPU.ActiveCfg = Release|Any CPU
		{BE28A7CD-E5F8-4D3A-BAED-E1847748A3F8}.Release|Any CPU.Build.0 = Release|Any CPU
		{B8475DB0-AC0B-4229-BB08-D9010C341B03}.Debug|Any CPU.ActiveCfg = Debug|Any CPU
		{B8475DB0-AC0B-4229-BB08-D9010C341B03}.Debug|Any CPU.Build.0 = Debug|Any CPU
		{B8475DB0-AC0B-4229-BB08-D9010C341B03}.Release|Any CPU.ActiveCfg = Release|Any CPU
		{B8475DB0-AC0B-4229-BB08-D9010C341B03}.Release|Any CPU.Build.0 = Release|Any CPU
	EndGlobalSection
	GlobalSection(SolutionProperties) = preSolution
		HideSolutionNode = FALSE
	EndGlobalSection
	GlobalSection(NestedProjects) = preSolution
		{719F0305-E2B5-4867-94B1-77D0574E5FBA} = {294B18DE-B876-4E3A-89AB-199B426758D8}
		{61D63754-5C99-4B5E-AF62-E7AD25B4DF5D} = {CD2A0C34-6FE1-405B-BBD7-073A7840B9D0}
		{AEBD3567-19A1-4339-94AB-0D97CAF67F0E} = {CD2A0C34-6FE1-405B-BBD7-073A7840B9D0}
		{1D9947E6-920F-46F3-B50D-EBE31675C8F9} = {CD2A0C34-6FE1-405B-BBD7-073A7840B9D0}
		{ACC750D0-AA1D-429E-B273-43BA5E9A231D} = {61D63754-5C99-4B5E-AF62-E7AD25B4DF5D}
		{2C596522-9DE4-4EDE-AB14-037F2185BC50} = {61D63754-5C99-4B5E-AF62-E7AD25B4DF5D}
		{AE039147-CE64-4C8F-BDC3-55570A7C378F} = {61D63754-5C99-4B5E-AF62-E7AD25B4DF5D}
		{EF250452-9D54-4A3C-8F95-2A99FFC2D1DF} = {61D63754-5C99-4B5E-AF62-E7AD25B4DF5D}
		{1B048D54-FFCA-4280-8F13-0ACF772C5FD1} = {AEBD3567-19A1-4339-94AB-0D97CAF67F0E}
		{5843E884-7842-4840-A52C-69BE87E06840} = {AEBD3567-19A1-4339-94AB-0D97CAF67F0E}
		{945828FB-D04E-49C4-A752-6EFA385F857B} = {AEBD3567-19A1-4339-94AB-0D97CAF67F0E}
		{E5BBB1E9-2C16-41BF-ACCE-D5E8DCDDB7FF} = {AEBD3567-19A1-4339-94AB-0D97CAF67F0E}
		{30321889-01C6-4347-85C1-9CA29715FCC4} = {294B18DE-B876-4E3A-89AB-199B426758D8}
		{59B54855-5085-47BF-A66A-772AF322AA59} = {294B18DE-B876-4E3A-89AB-199B426758D8}
		{27C61A98-587D-4C1F-AE4F-001663F03048} = {9D399350-58B5-4CCE-9F1F-1B407AF46606}
		{BE28A7CD-E5F8-4D3A-BAED-E1847748A3F8} = {F2E450E5-B9A5-49DB-875C-56E5F4AF202D}
		{B8475DB0-AC0B-4229-BB08-D9010C341B03} = {61D63754-5C99-4B5E-AF62-E7AD25B4DF5D}
	EndGlobalSection
	GlobalSection(ExtensibilityGlobals) = postSolution
		SolutionGuid = {CBB1D26D-7583-4B38-AB37-36B57963232C}
	EndGlobalSection
EndGlobal
