
Microsoft Visual Studio Solution File, Format Version 12.00
# Visual Studio Version 16
VisualStudioVersion = 16.0.29728.190
MinimumVisualStudioVersion = 10.0.40219.1
Project("{9A19103F-16F7-4668-BE54-9A1E7A4F7556}") = "InstantJob.Api", "InstantJob.Api\InstantJob.Api.csproj", "{B0271397-58D8-4673-A183-40151685293F}"
EndProject
Project("{9A19103F-16F7-4668-BE54-9A1E7A4F7556}") = "InstantJob.Infrastructure", "InstantJob.Infrastructure\InstantJob.Infrastructure.csproj", "{9E4E7B62-4639-4467-B87E-25D448400804}"
EndProject
Project("{9A19103F-16F7-4668-BE54-9A1E7A4F7556}") = "InstantJob.Domain", "InstantJob.Domain\InstantJob.Domain.csproj", "{F7215EDC-7483-46A8-B8B8-2329C8C03AD3}"
EndProject
Project("{9A19103F-16F7-4668-BE54-9A1E7A4F7556}") = "InstantJob.Application", "InstantJob.Application\InstantJob.Application.csproj", "{1EDBD970-11D0-4468-85A2-12E5CF60177F}"
EndProject
Project("{9A19103F-16F7-4668-BE54-9A1E7A4F7556}") = "InstantJob.Persistence", "InstantJob.Persistence\InstantJob.Persistence.csproj", "{78AB72C4-328A-4AEB-A59B-95A3EF36F487}"
EndProject
Global
	GlobalSection(SolutionConfigurationPlatforms) = preSolution
		Debug|Any CPU = Debug|Any CPU
		Release|Any CPU = Release|Any CPU
	EndGlobalSection
	GlobalSection(ProjectConfigurationPlatforms) = postSolution
		{B0271397-58D8-4673-A183-40151685293F}.Debug|Any CPU.ActiveCfg = Debug|Any CPU
		{B0271397-58D8-4673-A183-40151685293F}.Debug|Any CPU.Build.0 = Debug|Any CPU
		{B0271397-58D8-4673-A183-40151685293F}.Release|Any CPU.ActiveCfg = Release|Any CPU
		{B0271397-58D8-4673-A183-40151685293F}.Release|Any CPU.Build.0 = Release|Any CPU
		{9E4E7B62-4639-4467-B87E-25D448400804}.Debug|Any CPU.ActiveCfg = Debug|Any CPU
		{9E4E7B62-4639-4467-B87E-25D448400804}.Debug|Any CPU.Build.0 = Debug|Any CPU
		{9E4E7B62-4639-4467-B87E-25D448400804}.Release|Any CPU.ActiveCfg = Release|Any CPU
		{9E4E7B62-4639-4467-B87E-25D448400804}.Release|Any CPU.Build.0 = Release|Any CPU
		{F7215EDC-7483-46A8-B8B8-2329C8C03AD3}.Debug|Any CPU.ActiveCfg = Debug|Any CPU
		{F7215EDC-7483-46A8-B8B8-2329C8C03AD3}.Debug|Any CPU.Build.0 = Debug|Any CPU
		{F7215EDC-7483-46A8-B8B8-2329C8C03AD3}.Release|Any CPU.ActiveCfg = Release|Any CPU
		{F7215EDC-7483-46A8-B8B8-2329C8C03AD3}.Release|Any CPU.Build.0 = Release|Any CPU
		{1EDBD970-11D0-4468-85A2-12E5CF60177F}.Debug|Any CPU.ActiveCfg = Debug|Any CPU
		{1EDBD970-11D0-4468-85A2-12E5CF60177F}.Debug|Any CPU.Build.0 = Debug|Any CPU
		{1EDBD970-11D0-4468-85A2-12E5CF60177F}.Release|Any CPU.ActiveCfg = Release|Any CPU
		{1EDBD970-11D0-4468-85A2-12E5CF60177F}.Release|Any CPU.Build.0 = Release|Any CPU
		{78AB72C4-328A-4AEB-A59B-95A3EF36F487}.Debug|Any CPU.ActiveCfg = Debug|Any CPU
		{78AB72C4-328A-4AEB-A59B-95A3EF36F487}.Debug|Any CPU.Build.0 = Debug|Any CPU
		{78AB72C4-328A-4AEB-A59B-95A3EF36F487}.Release|Any CPU.ActiveCfg = Release|Any CPU
		{78AB72C4-328A-4AEB-A59B-95A3EF36F487}.Release|Any CPU.Build.0 = Release|Any CPU
	EndGlobalSection
	GlobalSection(SolutionProperties) = preSolution
		HideSolutionNode = FALSE
	EndGlobalSection
	GlobalSection(ExtensibilityGlobals) = postSolution
		SolutionGuid = {CBB1D26D-7583-4B38-AB37-36B57963232C}
	EndGlobalSection
EndGlobal
